{
	"name": "@morax/shield-sentry",
	"version": "1.0.0",
	"lockfileVersion": 1,
	"requires": true,
	"dependencies": {
		"@sentry/browser": {
			"version": "6.14.0",
			"resolved": "https://registry.npmjs.org/@sentry/browser/-/browser-6.14.0.tgz",
			"integrity": "sha512-tdLTvgBwBuHhGG2iABdoRf5pUbS99xVapkHXKp9977slMGnUznMUrLUAVenitPx9fGoyYDZc8ukMfabAblfDyA==",
			"requires": {
				"@sentry/core": "6.14.0",
				"@sentry/types": "6.14.0",
				"@sentry/utils": "6.14.0",
				"tslib": "^1.9.3"
			}
		},
		"@sentry/core": {
			"version": "6.14.0",
			"resolved": "https://registry.npmjs.org/@sentry/core/-/core-6.14.0.tgz",
			"integrity": "sha512-GKs1A3yjcVB5ST4Mx9Eq4Z1yQaeq+AN1eJO1pnJhkOUnBXbmLGXvEp039W3Qn9iq9QuQmVRQz2C0+9GbrWmx9A==",
			"requires": {
				"@sentry/hub": "6.14.0",
				"@sentry/minimal": "6.14.0",
				"@sentry/types": "6.14.0",
				"@sentry/utils": "6.14.0",
				"tslib": "^1.9.3"
			}
		},
		"@sentry/hub": {
			"version": "6.14.0",
			"resolved": "https://registry.npmjs.org/@sentry/hub/-/hub-6.14.0.tgz",
			"integrity": "sha512-27ZN0YOxxy+2BV8VyelCejeeVJXy3Bs91bF6ICv3fekfL6cpyGswVMFltmSxraZOMxS4+Xz2HEgjlddgtd8yDQ==",
			"requires": {
				"@sentry/types": "6.14.0",
				"@sentry/utils": "6.14.0",
				"tslib": "^1.9.3"
			}
		},
		"@sentry/minimal": {
			"version": "6.14.0",
			"resolved": "https://registry.npmjs.org/@sentry/minimal/-/minimal-6.14.0.tgz",
			"integrity": "sha512-LLw2xwCxfnVToYZQQYqVb5ZGYW5nzZWXT/HlnHObwy1IJLTuGsHzFNxwfrTDVe9bsmAFGTo+2yHF+1bdYIfiCQ==",
			"requires": {
				"@sentry/hub": "6.14.0",
				"@sentry/types": "6.14.0",
				"tslib": "^1.9.3"
			}
		},
		"@sentry/react": {
			"version": "6.14.0",
			"resolved": "https://registry.npmjs.org/@sentry/react/-/react-6.14.0.tgz",
			"integrity": "sha512-aIBK6+gijXyCzHyV8Iwl01wLPdn8Zxl8XR1ux4QceFyzgSsks2trnwdNWarJwIdiu1bG6e9U79038yB8c2WQNQ==",
			"requires": {
				"@sentry/browser": "6.14.0",
				"@sentry/minimal": "6.14.0",
				"@sentry/types": "6.14.0",
				"@sentry/utils": "6.14.0",
				"hoist-non-react-statics": "^3.3.2",
				"tslib": "^1.9.3"
			}
		},
		"@sentry/tracing": {
			"version": "6.14.0",
			"resolved": "https://registry.npmjs.org/@sentry/tracing/-/tracing-6.14.0.tgz",
			"integrity": "sha512-tcnHaNsKwk7y5ggVTbCVYvRKk9mH1MXab2G+0Eg2UBtXB3KOH3iYqdIMjpldu/7Rn4YuCP9OWcSqN7jXTlfaiA==",
			"requires": {
				"@sentry/hub": "6.14.0",
				"@sentry/minimal": "6.14.0",
				"@sentry/types": "6.14.0",
				"@sentry/utils": "6.14.0",
				"tslib": "^1.9.3"
			}
		},
		"@sentry/types": {
			"version": "6.14.0",
			"resolved": "https://registry.npmjs.org/@sentry/types/-/types-6.14.0.tgz",
			"integrity": "sha512-7t1YyKO69lLru2WZVGWik6f59qf8J75wSg41Sk5SySvsd7hjcxbj1PWz61/5ndRStvbZmabiVcn76nI2JKyD5A=="
		},
		"@sentry/utils": {
			"version": "6.14.0",
			"resolved": "https://registry.npmjs.org/@sentry/utils/-/utils-6.14.0.tgz",
			"integrity": "sha512-uEpQ2sjvS2bSj/QNIRWbXFXgk2+rWmw+QXbvVCIiYB7LK7Y7kry6StTt42UumMHlVLFLgXVKlTa50XrIblr60g==",
			"requires": {
				"@sentry/types": "6.14.0",
				"tslib": "^1.9.3"
			}
		},
		"hoist-non-react-statics": {
			"version": "3.3.2",
			"resolved": "https://registry.npmjs.org/hoist-non-react-statics/-/hoist-non-react-statics-3.3.2.tgz",
			"integrity": "sha512-/gGivxi8JPKWNm/W0jSmzcMPpfpPLc3dY/6GxhX2hQ9iGj3aDfklV4ET7NjKpSinLpJ5vafa9iiGIEZg10SfBw==",
			"requires": {
				"react-is": "^16.7.0"
			}
		},
		"js-tokens": {
			"version": "4.0.0",
			"resolved": "https://registry.npmjs.org/js-tokens/-/js-tokens-4.0.0.tgz",
			"integrity": "sha512-RdJUflcE3cUzKiMqQgsCu06FPu9UdIJO0beYbPhHN4k6apgJtifcoCtT9bcxOpYBtpD2kCM6Sbzg4CausW/PKQ=="
		},
		"loose-envify": {
			"version": "1.4.0",
			"resolved": "https://registry.npmjs.org/loose-envify/-/loose-envify-1.4.0.tgz",
			"integrity": "sha512-lyuxPGr/Wfhrlem2CL/UcnUc1zcqKAImBDzukY7Y5F/yQiNdko6+fRLevlw1HgMySw7f611UIY408EtxRSoK3Q==",
			"requires": {
				"js-tokens": "^3.0.0 || ^4.0.0"
			}
		},
		"object-assign": {
			"version": "4.1.1",
			"resolved": "https://registry.npmjs.org/object-assign/-/object-assign-4.1.1.tgz",
			"integrity": "sha1-IQmtx5ZYh8/AXLvUQsrIv7s2CGM="
		},
		"react": {
			"version": "17.0.2",
			"resolved": "https://registry.npmjs.org/react/-/react-17.0.2.tgz",
			"integrity": "sha512-gnhPt75i/dq/z3/6q/0asP78D0u592D5L1pd7M8P+dck6Fu/jJeL6iVVK23fptSUZj8Vjf++7wXA8UNclGQcbA==",
			"requires": {
				"loose-envify": "^1.1.0",
				"object-assign": "^4.1.1"
			}
		},
		"react-dom": {
			"version": "17.0.2",
			"resolved": "https://registry.npmjs.org/react-dom/-/react-dom-17.0.2.tgz",
			"integrity": "sha512-s4h96KtLDUQlsENhMn1ar8t2bEa+q/YAtj8pPPdIjPDGBDIVNsrD9aXNWqspUe6AzKCIG0C1HZZLqLV7qpOBGA==",
			"requires": {
				"loose-envify": "^1.1.0",
				"object-assign": "^4.1.1",
				"scheduler": "^0.20.2"
			}
		},
		"react-is": {
			"version": "16.13.1",
			"resolved": "https://registry.npmjs.org/react-is/-/react-is-16.13.1.tgz",
			"integrity": "sha512-24e6ynE2H+OKt4kqsOvNd8kBpV65zoxbA4BVsEOB3ARVWQki/DHzaUoC5KuON/BiccDaCCTZBuOcfZs70kR8bQ=="
		},
		"scheduler": {
			"version": "0.20.2",
			"resolved": "https://registry.npmjs.org/scheduler/-/scheduler-0.20.2.tgz",
			"integrity": "sha512-2eWfGgAqqWFGqtdMmcL5zCMK1U8KlXv8SQFGglL3CEtd0aDVDWgeF/YoCmvln55m5zSk3J/20hTaSBeSObsQDQ==",
			"requires": {
				"loose-envify": "^1.1.0",
				"object-assign": "^4.1.1"
			}
		},
		"tslib": {
			"version": "1.14.1",
			"resolved": "https://registry.npmjs.org/tslib/-/tslib-1.14.1.tgz",
			"integrity": "sha512-Xni35NKzjgMrwevysHTCArtLDpPvye8zV/0E4EyYn43P7/7qvQwPh9BGkHewbMulVntbigmcT7rdX3BNo9wRJg=="
		}
	}
}
